
Microsoft Visual Studio Solution File, Format Version 12.00
# Visual Studio Version 17
VisualStudioVersion = 17.6.33927.249
MinimumVisualStudioVersion = 10.0.40219.1
Project("{FAE04EC0-301F-11D3-BF4B-00C04F79EFBC}") = "BankHelper", "BankHelper.csproj", "{D4479F2A-2949-4981-9DC2-734DE9184A7D}"
EndProject
Global
	GlobalSection(SolutionConfigurationPlatforms) = preSolution
		Debug|Any CPU = Debug|Any CPU
		Release|Any CPU = Release|Any CPU
	EndGlobalSection
	GlobalSection(ProjectConfigurationPlatforms) = postSolution
		{D4479F2A-2949-4981-9DC2-734DE9184A7D}.Debug|Any CPU.ActiveCfg = Debug|Any CPU
		{D4479F2A-2949-4981-9DC2-734DE9184A7D}.Debug|Any CPU.Build.0 = Debug|Any CPU
		{D4479F2A-2949-4981-9DC2-734DE9184A7D}.Release|Any CPU.ActiveCfg = Release|Any CPU
		{D4479F2A-2949-4981-9DC2-734DE9184A7D}.Release|Any CPU.Build.0 = Release|Any CPU
	EndGlobalSection
	GlobalSection(SolutionProperties) = preSolution
		HideSolutionNode = FALSE
	EndGlobalSection
	GlobalSection(ExtensibilityGlobals) = postSolution
		SolutionGuid = {A32DD43B-1253-481F-8A04-78839212E0AA}
	EndGlobalSection
EndGlobal
